
Microsoft Visual Studio Solution File, Format Version 12.00
# Visual Studio Version 17
VisualStudioVersion = 17.2.32630.192
MinimumVisualStudioVersion = 10.0.40219.1
Project("{9A19103F-16F7-4668-BE54-9A1E7A4F7556}") = "NET6Demo_WebApi", "NET6Demo_WebApi\NET6Demo_WebApi.csproj", "{4BFBD31C-CB25-40C6-9CEE-44B655B4DD9B}"
	ProjectSection(ProjectDependencies) = postProject
		{0B2EBB5F-5C06-4B82-8B4E-9A00B2C3C866} = {0B2EBB5F-5C06-4B82-8B4E-9A00B2C3C866}
		{23111E50-E544-40CA-BF99-5964FB923A51} = {23111E50-E544-40CA-BF99-5964FB923A51}
		{B83FF216-8B82-4F09-8F51-B9F0B40726F1} = {B83FF216-8B82-4F09-8F51-B9F0B40726F1}
		{BE6B8EC1-D396-493D-814A-AFDFB756BF47} = {BE6B8EC1-D396-493D-814A-AFDFB756BF47}
		{D2B5D343-9001-422F-B87E-BCDAA8D336DE} = {D2B5D343-9001-422F-B87E-BCDAA8D336DE}
	EndProjectSection
EndProject
Project("{9A19103F-16F7-4668-BE54-9A1E7A4F7556}") = "NET6Demo.IRepository", "NET6Demo.IRepository\NET6Demo.IRepository.csproj", "{D37DCD4C-BBA0-429D-B715-955FDE3DC78C}"
EndProject
Project("{9A19103F-16F7-4668-BE54-9A1E7A4F7556}") = "NET6Demo.Repository", "NET6Demo.Repository\NET6Demo.Repository.csproj", "{0B2EBB5F-5C06-4B82-8B4E-9A00B2C3C866}"
EndProject
Project("{2150E333-8FDC-42A3-9474-1A3956D46DE8}") = "ViewModel", "ViewModel", "{AB4195D9-1F1C-485F-91E0-CE9D395A1164}"
EndProject
Project("{9A19103F-16F7-4668-BE54-9A1E7A4F7556}") = "NET6Demo.IService", "NET6Demo.IService\NET6Demo.IService.csproj", "{BE6B8EC1-D396-493D-814A-AFDFB756BF47}"
EndProject
Project("{9A19103F-16F7-4668-BE54-9A1E7A4F7556}") = "NET6Demo.Service", "NET6Demo.Service\NET6Demo.Service.csproj", "{D2B5D343-9001-422F-B87E-BCDAA8D336DE}"
EndProject
Project("{2150E333-8FDC-42A3-9474-1A3956D46DE8}") = "Service", "Service", "{CBFC7E01-B376-4C6F-AAA8-CF2DF17AB9E4}"
EndProject
Project("{9A19103F-16F7-4668-BE54-9A1E7A4F7556}") = "NET6Demo.Model", "NET6Demo.Model\NET6Demo.Model.csproj", "{13151DBE-6010-4B97-9BAC-B9183CB6241F}"
EndProject
Project("{2150E333-8FDC-42A3-9474-1A3956D46DE8}") = "Model", "Model", "{FF06B840-7470-48FA-A310-4657297F63B3}"
EndProject
Project("{9A19103F-16F7-4668-BE54-9A1E7A4F7556}") = "NET6Demo.Common", "NET6Demo.Common\NET6Demo.Common.csproj", "{23111E50-E544-40CA-BF99-5964FB923A51}"
EndProject
Project("{9A19103F-16F7-4668-BE54-9A1E7A4F7556}") = "NET6Demo.Utility", "NET6Demo.Utility\NET6Demo.Utility.csproj", "{7DA1C7E8-D3D2-4C9B-830F-4E282BE045E0}"
EndProject
Project("{9A19103F-16F7-4668-BE54-9A1E7A4F7556}") = "CommonCode", "CommonCode\CommonCode.csproj", "{B83FF216-8B82-4F09-8F51-B9F0B40726F1}"
EndProject
Project("{2150E333-8FDC-42A3-9474-1A3956D46DE8}") = "Common", "Common", "{84BDBBA9-479F-4F85-960F-A8CD3F8F5122}"
EndProject
Project("{9A19103F-16F7-4668-BE54-9A1E7A4F7556}") = "NET6Demo.Interface", "NET6Demo.Interface\NET6Demo.Interface.csproj", "{32BE3614-629B-4553-91A9-3E27C8A80CE9}"
EndProject
Global
	GlobalSection(SolutionConfigurationPlatforms) = preSolution
		Debug|Any CPU = Debug|Any CPU
		Release|Any CPU = Release|Any CPU
	EndGlobalSection
	GlobalSection(ProjectConfigurationPlatforms) = postSolution
		{4BFBD31C-CB25-40C6-9CEE-44B655B4DD9B}.Debug|Any CPU.ActiveCfg = Debug|Any CPU
		{4BFBD31C-CB25-40C6-9CEE-44B655B4DD9B}.Debug|Any CPU.Build.0 = Debug|Any CPU
		{4BFBD31C-CB25-40C6-9CEE-44B655B4DD9B}.Release|Any CPU.ActiveCfg = Release|Any CPU
		{4BFBD31C-CB25-40C6-9CEE-44B655B4DD9B}.Release|Any CPU.Build.0 = Release|Any CPU
		{D37DCD4C-BBA0-429D-B715-955FDE3DC78C}.Debug|Any CPU.ActiveCfg = Debug|Any CPU
		{D37DCD4C-BBA0-429D-B715-955FDE3DC78C}.Debug|Any CPU.Build.0 = Debug|Any CPU
		{D37DCD4C-BBA0-429D-B715-955FDE3DC78C}.Release|Any CPU.ActiveCfg = Release|Any CPU
		{D37DCD4C-BBA0-429D-B715-955FDE3DC78C}.Release|Any CPU.Build.0 = Release|Any CPU
		{0B2EBB5F-5C06-4B82-8B4E-9A00B2C3C866}.Debug|Any CPU.ActiveCfg = Debug|Any CPU
		{0B2EBB5F-5C06-4B82-8B4E-9A00B2C3C866}.Debug|Any CPU.Build.0 = Debug|Any CPU
		{0B2EBB5F-5C06-4B82-8B4E-9A00B2C3C866}.Release|Any CPU.ActiveCfg = Release|Any CPU
		{0B2EBB5F-5C06-4B82-8B4E-9A00B2C3C866}.Release|Any CPU.Build.0 = Release|Any CPU
		{BE6B8EC1-D396-493D-814A-AFDFB756BF47}.Debug|Any CPU.ActiveCfg = Debug|Any CPU
		{BE6B8EC1-D396-493D-814A-AFDFB756BF47}.Debug|Any CPU.Build.0 = Debug|Any CPU
		{BE6B8EC1-D396-493D-814A-AFDFB756BF47}.Release|Any CPU.ActiveCfg = Release|Any CPU
		{BE6B8EC1-D396-493D-814A-AFDFB756BF47}.Release|Any CPU.Build.0 = Release|Any CPU
		{D2B5D343-9001-422F-B87E-BCDAA8D336DE}.Debug|Any CPU.ActiveCfg = Debug|Any CPU
		{D2B5D343-9001-422F-B87E-BCDAA8D336DE}.Debug|Any CPU.Build.0 = Debug|Any CPU
		{D2B5D343-9001-422F-B87E-BCDAA8D336DE}.Release|Any CPU.ActiveCfg = Release|Any CPU
		{D2B5D343-9001-422F-B87E-BCDAA8D336DE}.Release|Any CPU.Build.0 = Release|Any CPU
		{13151DBE-6010-4B97-9BAC-B9183CB6241F}.Debug|Any CPU.ActiveCfg = Debug|Any CPU
		{13151DBE-6010-4B97-9BAC-B9183CB6241F}.Debug|Any CPU.Build.0 = Debug|Any CPU
		{13151DBE-6010-4B97-9BAC-B9183CB6241F}.Release|Any CPU.ActiveCfg = Release|Any CPU
		{13151DBE-6010-4B97-9BAC-B9183CB6241F}.Release|Any CPU.Build.0 = Release|Any CPU
		{23111E50-E544-40CA-BF99-5964FB923A51}.Debug|Any CPU.ActiveCfg = Debug|Any CPU
		{23111E50-E544-40CA-BF99-5964FB923A51}.Debug|Any CPU.Build.0 = Debug|Any CPU
		{23111E50-E544-40CA-BF99-5964FB923A51}.Release|Any CPU.ActiveCfg = Release|Any CPU
		{23111E50-E544-40CA-BF99-5964FB923A51}.Release|Any CPU.Build.0 = Release|Any CPU
		{7DA1C7E8-D3D2-4C9B-830F-4E282BE045E0}.Debug|Any CPU.ActiveCfg = Debug|Any CPU
		{7DA1C7E8-D3D2-4C9B-830F-4E282BE045E0}.Debug|Any CPU.Build.0 = Debug|Any CPU
		{7DA1C7E8-D3D2-4C9B-830F-4E282BE045E0}.Release|Any CPU.ActiveCfg = Release|Any CPU
		{7DA1C7E8-D3D2-4C9B-830F-4E282BE045E0}.Release|Any CPU.Build.0 = Release|Any CPU
		{B83FF216-8B82-4F09-8F51-B9F0B40726F1}.Debug|Any CPU.ActiveCfg = Debug|Any CPU
		{B83FF216-8B82-4F09-8F51-B9F0B40726F1}.Debug|Any CPU.Build.0 = Debug|Any CPU
		{B83FF216-8B82-4F09-8F51-B9F0B40726F1}.Release|Any CPU.ActiveCfg = Release|Any CPU
		{B83FF216-8B82-4F09-8F51-B9F0B40726F1}.Release|Any CPU.Build.0 = Release|Any CPU
		{32BE3614-629B-4553-91A9-3E27C8A80CE9}.Debug|Any CPU.ActiveCfg = Debug|Any CPU
		{32BE3614-629B-4553-91A9-3E27C8A80CE9}.Debug|Any CPU.Build.0 = Debug|Any CPU
		{32BE3614-629B-4553-91A9-3E27C8A80CE9}.Release|Any CPU.ActiveCfg = Release|Any CPU
		{32BE3614-629B-4553-91A9-3E27C8A80CE9}.Release|Any CPU.Build.0 = Release|Any CPU
	EndGlobalSection
	GlobalSection(SolutionProperties) = preSolution
		HideSolutionNode = FALSE
	EndGlobalSection
	GlobalSection(NestedProjects) = preSolution
		{D37DCD4C-BBA0-429D-B715-955FDE3DC78C} = {AB4195D9-1F1C-485F-91E0-CE9D395A1164}
		{0B2EBB5F-5C06-4B82-8B4E-9A00B2C3C866} = {AB4195D9-1F1C-485F-91E0-CE9D395A1164}
		{BE6B8EC1-D396-493D-814A-AFDFB756BF47} = {CBFC7E01-B376-4C6F-AAA8-CF2DF17AB9E4}
		{D2B5D343-9001-422F-B87E-BCDAA8D336DE} = {CBFC7E01-B376-4C6F-AAA8-CF2DF17AB9E4}
		{13151DBE-6010-4B97-9BAC-B9183CB6241F} = {FF06B840-7470-48FA-A310-4657297F63B3}
		{23111E50-E544-40CA-BF99-5964FB923A51} = {84BDBBA9-479F-4F85-960F-A8CD3F8F5122}
		{7DA1C7E8-D3D2-4C9B-830F-4E282BE045E0} = {84BDBBA9-479F-4F85-960F-A8CD3F8F5122}
		{B83FF216-8B82-4F09-8F51-B9F0B40726F1} = {84BDBBA9-479F-4F85-960F-A8CD3F8F5122}
		{32BE3614-629B-4553-91A9-3E27C8A80CE9} = {84BDBBA9-479F-4F85-960F-A8CD3F8F5122}
	EndGlobalSection
	GlobalSection(ExtensibilityGlobals) = postSolution
		SolutionGuid = {268876D8-037B-467C-A1B1-CE7D32845E96}
	EndGlobalSection
EndGlobal
